
Microsoft Visual Studio Solution File, Format Version 12.00
# Visual Studio Version 17
VisualStudioVersion = 17.8.34330.188
MinimumVisualStudioVersion = 10.0.40219.1
Project("{FAE04EC0-301F-11D3-BF4B-00C04F79EFBC}") = "ConsoleMenu", "ConsoleMenu\ConsoleMenu.csproj", "{48898D9B-9A52-4457-8E38-76D393E04529}"
EndProject
Global
	GlobalSection(SolutionConfigurationPlatforms) = preSolution
		Debug|Any CPU = Debug|Any CPU
		Release|Any CPU = Release|Any CPU
	EndGlobalSection
	GlobalSection(ProjectConfigurationPlatforms) = postSolution
		{48898D9B-9A52-4457-8E38-76D393E04529}.Debug|Any CPU.ActiveCfg = Debug|Any CPU
		{48898D9B-9A52-4457-8E38-76D393E04529}.Debug|Any CPU.Build.0 = Debug|Any CPU
		{48898D9B-9A52-4457-8E38-76D393E04529}.Release|Any CPU.ActiveCfg = Release|Any CPU
		{48898D9B-9A52-4457-8E38-76D393E04529}.Release|Any CPU.Build.0 = Release|Any CPU
	EndGlobalSection
	GlobalSection(SolutionProperties) = preSolution
		HideSolutionNode = FALSE
	EndGlobalSection
	GlobalSection(ExtensibilityGlobals) = postSolution
		SolutionGuid = {40557268-EEC5-487A-8B14-BFE835698A41}
	EndGlobalSection
EndGlobal
