
Microsoft Visual Studio Solution File, Format Version 12.00
# Visual Studio Version 17
VisualStudioVersion = 17.8.34330.188
MinimumVisualStudioVersion = 10.0.40219.1
Project("{FAE04EC0-301F-11D3-BF4B-00C04F79EFBC}") = "2", "2\2.csproj", "{0C3413EC-11FF-4E84-B658-3DA9CE6109FE}"
EndProject
Global
	GlobalSection(SolutionConfigurationPlatforms) = preSolution
		Debug|Any CPU = Debug|Any CPU
		Release|Any CPU = Release|Any CPU
	EndGlobalSection
	GlobalSection(ProjectConfigurationPlatforms) = postSolution
		{0C3413EC-11FF-4E84-B658-3DA9CE6109FE}.Debug|Any CPU.ActiveCfg = Debug|Any CPU
		{0C3413EC-11FF-4E84-B658-3DA9CE6109FE}.Debug|Any CPU.Build.0 = Debug|Any CPU
		{0C3413EC-11FF-4E84-B658-3DA9CE6109FE}.Release|Any CPU.ActiveCfg = Release|Any CPU
		{0C3413EC-11FF-4E84-B658-3DA9CE6109FE}.Release|Any CPU.Build.0 = Release|Any CPU
	EndGlobalSection
	GlobalSection(SolutionProperties) = preSolution
		HideSolutionNode = FALSE
	EndGlobalSection
	GlobalSection(ExtensibilityGlobals) = postSolution
		SolutionGuid = {EF54F2FD-A15E-4CCA-A2CB-E39E52845508}
	EndGlobalSection
EndGlobal
